
Microsoft Visual Studio Solution File, Format Version 12.00
# Visual Studio Version 17
VisualStudioVersion = 17.6.33712.159
MinimumVisualStudioVersion = 10.0.40219.1
Project("{9A19103F-16F7-4668-BE54-9A1E7A4F7556}") = "Protokoll_Aussentemp_Innentemp_taeglich", "Protokoll_Aussentemp_Innentemp_taeglich\Protokoll_Aussentemp_Innentemp_taeglich.csproj", "{1A7B7B3D-F7F8-447D-9806-A95B064D1A8A}"
EndProject
Project("{2150E333-8FDC-42A3-9474-1A3956D46DE8}") = "Projektmappenelemente", "Projektmappenelemente", "{2524D697-BDAB-4464-9374-EAB923B27C4A}"
EndProject
Global
	GlobalSection(SolutionConfigurationPlatforms) = preSolution
		Debug|Any CPU = Debug|Any CPU
		Release|Any CPU = Release|Any CPU
	EndGlobalSection
	GlobalSection(ProjectConfigurationPlatforms) = postSolution
		{1A7B7B3D-F7F8-447D-9806-A95B064D1A8A}.Debug|Any CPU.ActiveCfg = Debug|Any CPU
		{1A7B7B3D-F7F8-447D-9806-A95B064D1A8A}.Debug|Any CPU.Build.0 = Debug|Any CPU
		{1A7B7B3D-F7F8-447D-9806-A95B064D1A8A}.Release|Any CPU.ActiveCfg = Release|Any CPU
		{1A7B7B3D-F7F8-447D-9806-A95B064D1A8A}.Release|Any CPU.Build.0 = Release|Any CPU
	EndGlobalSection
	GlobalSection(SolutionProperties) = preSolution
		HideSolutionNode = FALSE
	EndGlobalSection
	GlobalSection(ExtensibilityGlobals) = postSolution
		SolutionGuid = {E6C6CF13-7AC3-44C3-AA5F-97B121A7D69E}
	EndGlobalSection
EndGlobal
